
Microsoft Visual Studio Solution File, Format Version 12.00
# Visual Studio Version 17
VisualStudioVersion = 17.8.34511.84
MinimumVisualStudioVersion = 10.0.40219.1
Project("{FAE04EC0-301F-11D3-BF4B-00C04F79EFBC}") = "StarBank", "StarBank\StarBank.csproj", "{D756120A-780E-4D22-9646-12E94EC9C949}"
EndProject
Global
	GlobalSection(SolutionConfigurationPlatforms) = preSolution
		Debug|Any CPU = Debug|Any CPU
		Release|Any CPU = Release|Any CPU
	EndGlobalSection
	GlobalSection(ProjectConfigurationPlatforms) = postSolution
		{D756120A-780E-4D22-9646-12E94EC9C949}.Debug|Any CPU.ActiveCfg = Debug|Any CPU
		{D756120A-780E-4D22-9646-12E94EC9C949}.Debug|Any CPU.Build.0 = Debug|Any CPU
		{D756120A-780E-4D22-9646-12E94EC9C949}.Debug|Any CPU.Deploy.0 = Debug|Any CPU
		{D756120A-780E-4D22-9646-12E94EC9C949}.Release|Any CPU.ActiveCfg = Release|Any CPU
		{D756120A-780E-4D22-9646-12E94EC9C949}.Release|Any CPU.Build.0 = Release|Any CPU
		{D756120A-780E-4D22-9646-12E94EC9C949}.Release|Any CPU.Deploy.0 = Release|Any CPU
	EndGlobalSection
	GlobalSection(SolutionProperties) = preSolution
		HideSolutionNode = FALSE
	EndGlobalSection
	GlobalSection(ExtensibilityGlobals) = postSolution
		SolutionGuid = {FFA7B2BF-F6D8-4407-BE00-E0D8B2D75740}
	EndGlobalSection
EndGlobal
